// !$*UTF8*$!
{
	archiveVersion = 1;
	classes = {
	};
	objectVersion = 56;
	objects = {

/* Begin PBXBuildFile section */
		6F1207FE2B75798D008B7DA1 /* kom1App.swift in Sources */ = {isa = PBXBuildFile; fileRef = 6F1207FD2B75798D008B7DA1 /* kom1App.swift */; };
		6F1208002B75798D008B7DA1 /* ContentView.swift in Sources */ = {isa = PBXBuildFile; fileRef = 6F1207FF2B75798D008B7DA1 /* ContentView.swift */; };
		6F1208022B75798F008B7DA1 /* Assets.xcassets in Resources */ = {isa = PBXBuildFile; fileRef = 6F1208012B75798F008B7DA1 /* Assets.xcassets */; };
		6F1208052B75798F008B7DA1 /* Preview Assets.xcassets in Resources */ = {isa = PBXBuildFile; fileRef = 6F1208042B75798F008B7DA1 /* Preview Assets.xcassets */; };
		6F1208102B75798F008B7DA1 /* kom1Tests.swift in Sources */ = {isa = PBXBuildFile; fileRef = 6F12080F2B75798F008B7DA1 /* kom1Tests.swift */; };
		6F12081A2B75798F008B7DA1 /* kom1UITests.swift in Sources */ = {isa = PBXBuildFile; fileRef = 6F1208192B75798F008B7DA1 /* kom1UITests.swift */; };
		6F12081C2B75798F008B7DA1 /* kom1UITestsLaunchTests.swift in Sources */ = {isa = PBXBuildFile; fileRef = 6F12081B2B75798F008B7DA1 /* kom1UITestsLaunchTests.swift */; };
		6F1208292B757C1C008B7DA1 /* MainMenu.xib in Resources */ = {isa = PBXBuildFile; fileRef = 6F1208282B757C1C008B7DA1 /* MainMenu.xib */; };
/* End PBXBuildFile section */

/* Begin PBXContainerItemProxy section */
		6F12080C2B75798F008B7DA1 /* PBXContainerItemProxy */ = {
			isa = PBXContainerItemProxy;
			containerPortal = 6F1207F22B75798D008B7DA1 /* Project object */;
			proxyType = 1;
			remoteGlobalIDString = 6F1207F92B75798D008B7DA1;
			remoteInfo = kom1;
		};
		6F1208162B75798F008B7DA1 /* PBXContainerItemProxy */ = {
			isa = PBXContainerItemProxy;
			containerPortal = 6F1207F22B75798D008B7DA1 /* Project object */;
			proxyType = 1;
			remoteGlobalIDString = 6F1207F92B75798D008B7DA1;
			remoteInfo = kom1;
		};
/* End PBXContainerItemProxy section */

/* Begin PBXFileReference section */
		6F1207FA2B75798D008B7DA1 /* kom1.app */ = {isa = PBXFileReference; explicitFileType = wrapper.application; includeInIndex = 0; path = kom1.app; sourceTree = BUILT_PRODUCTS_DIR; };
		6F1207FD2B75798D008B7DA1 /* kom1App.swift */ = {isa = PBXFileReference; lastKnownFileType = sourcecode.swift; path = kom1App.swift; sourceTree = "<group>"; };
		6F1207FF2B75798D008B7DA1 /* ContentView.swift */ = {isa = PBXFileReference; indentWidth = 40; lastKnownFileType = sourcecode.swift; path = ContentView.swift; sourceTree = "<group>"; tabWidth = 50; wrapsLines = 0; };
		6F1208012B75798F008B7DA1 /* Assets.xcassets */ = {isa = PBXFileReference; lastKnownFileType = folder.assetcatalog; path = Assets.xcassets; sourceTree = "<group>"; };
		6F1208042B75798F008B7DA1 /* Preview Assets.xcassets */ = {isa = PBXFileReference; lastKnownFileType = folder.assetcatalog; path = "Preview Assets.xcassets"; sourceTree = "<group>"; };
		6F1208062B75798F008B7DA1 /* kom1.entitlements */ = {isa = PBXFileReference; lastKnownFileType = text.plist.entitlements; path = kom1.entitlements; sourceTree = "<group>"; };
		6F12080B2B75798F008B7DA1 /* kom1Tests.xctest */ = {isa = PBXFileReference; explicitFileType = wrapper.cfbundle; includeInIndex = 0; path = kom1Tests.xctest; sourceTree = BUILT_PRODUCTS_DIR; };
		6F12080F2B75798F008B7DA1 /* kom1Tests.swift */ = {isa = PBXFileReference; lastKnownFileType = sourcecode.swift; path = kom1Tests.swift; sourceTree = "<group>"; };
		6F1208152B75798F008B7DA1 /* kom1UITests.xctest */ = {isa = PBXFileReference; explicitFileType = wrapper.cfbundle; includeInIndex = 0; path = kom1UITests.xctest; sourceTree = BUILT_PRODUCTS_DIR; };
		6F1208192B75798F008B7DA1 /* kom1UITests.swift */ = {isa = PBXFileReference; lastKnownFileType = sourcecode.swift; path = kom1UITests.swift; sourceTree = "<group>"; };
		6F12081B2B75798F008B7DA1 /* kom1UITestsLaunchTests.swift */ = {isa = PBXFileReference; lastKnownFileType = sourcecode.swift; path = kom1UITestsLaunchTests.swift; sourceTree = "<group>"; };
		6F1208282B757C1C008B7DA1 /* MainMenu.xib */ = {isa = PBXFileReference; lastKnownFileType = file.xib; path = MainMenu.xib; sourceTree = "<group>"; };
/* End PBXFileReference section */

/* Begin PBXFrameworksBuildPhase section */
		6F1207F72B75798D008B7DA1 /* Frameworks */ = {
			isa = PBXFrameworksBuildPhase;
			buildActionMask = 2147483647;
			files = (
			);
			runOnlyForDeploymentPostprocessing = 0;
		};
		6F1208082B75798F008B7DA1 /* Frameworks */ = {
			isa = PBXFrameworksBuildPhase;
			buildActionMask = 2147483647;
			files = (
			);
			runOnlyForDeploymentPostprocessing = 0;
		};
		6F1208122B75798F008B7DA1 /* Frameworks */ = {
			isa = PBXFrameworksBuildPhase;
			buildActionMask = 2147483647;
			files = (
			);
			runOnlyForDeploymentPostprocessing = 0;
		};
/* End PBXFrameworksBuildPhase section */

/* Begin PBXGroup section */
		6F1207F12B75798D008B7DA1 = {
			isa = PBXGroup;
			children = (
				6F1207FC2B75798D008B7DA1 /* kom1 */,
				6F12080E2B75798F008B7DA1 /* kom1Tests */,
				6F1208182B75798F008B7DA1 /* kom1UITests */,
				6F1207FB2B75798D008B7DA1 /* Products */,
			);
			sourceTree = "<group>";
		};
		6F1207FB2B75798D008B7DA1 /* Products */ = {
			isa = PBXGroup;
			children = (
				6F1207FA2B75798D008B7DA1 /* kom1.app */,
				6F12080B2B75798F008B7DA1 /* kom1Tests.xctest */,
				6F1208152B75798F008B7DA1 /* kom1UITests.xctest */,
			);
			name = Products;
			sourceTree = "<group>";
		};
		6F1207FC2B75798D008B7DA1 /* kom1 */ = {
			isa = PBXGroup;
			children = (
				6F1208282B757C1C008B7DA1 /* MainMenu.xib */,
				6F1207FD2B75798D008B7DA1 /* kom1App.swift */,
				6F1207FF2B75798D008B7DA1 /* ContentView.swift */,
				6F1208012B75798F008B7DA1 /* Assets.xcassets */,
				6F1208062B75798F008B7DA1 /* kom1.entitlements */,
				6F1208032B75798F008B7DA1 /* Preview Content */,
			);
			path = kom1;
			sourceTree = "<group>";
		};
		6F1208032B75798F008B7DA1 /* Preview Content */ = {
			isa = PBXGroup;
			children = (
				6F1208042B75798F008B7DA1 /* Preview Assets.xcassets */,
			);
			path = "Preview Content";
			sourceTree = "<group>";
		};
		6F12080E2B75798F008B7DA1 /* kom1Tests */ = {
			isa = PBXGroup;
			children = (
				6F12080F2B75798F008B7DA1 /* kom1Tests.swift */,
			);
			path = kom1Tests;
			sourceTree = "<group>";
		};
		6F1208182B75798F008B7DA1 /* kom1UITests */ = {
			isa = PBXGroup;
			children = (
				6F1208192B75798F008B7DA1 /* kom1UITests.swift */,
				6F12081B2B75798F008B7DA1 /* kom1UITestsLaunchTests.swift */,
			);
			path = kom1UITests;
			sourceTree = "<group>";
		};
/* End PBXGroup section */

/* Begin PBXNativeTarget section */
		6F1207F92B75798D008B7DA1 /* kom1 */ = {
			isa = PBXNativeTarget;
			buildConfigurationList = 6F12081F2B75798F008B7DA1 /* Build configuration list for PBXNativeTarget "kom1" */;
			buildPhases = (
				6F1207F62B75798D008B7DA1 /* Sources */,
				6F1207F72B75798D008B7DA1 /* Frameworks */,
				6F1207F82B75798D008B7DA1 /* Resources */,
			);
			buildRules = (
			);
			dependencies = (
			);
			name = kom1;
			productName = kom1;
			productReference = 6F1207FA2B75798D008B7DA1 /* kom1.app */;
			productType = "com.apple.product-type.application";
		};
		6F12080A2B75798F008B7DA1 /* kom1Tests */ = {
			isa = PBXNativeTarget;
			buildConfigurationList = 6F1208222B75798F008B7DA1 /* Build configuration list for PBXNativeTarget "kom1Tests" */;
			buildPhases = (
				6F1208072B75798F008B7DA1 /* Sources */,
				6F1208082B75798F008B7DA1 /* Frameworks */,
				6F1208092B75798F008B7DA1 /* Resources */,
			);
			buildRules = (
			);
			dependencies = (
				6F12080D2B75798F008B7DA1 /* PBXTargetDependency */,
			);
			name = kom1Tests;
			productName = kom1Tests;
			productReference = 6F12080B2B75798F008B7DA1 /* kom1Tests.xctest */;
			productType = "com.apple.product-type.bundle.unit-test";
		};
		6F1208142B75798F008B7DA1 /* kom1UITests */ = {
			isa = PBXNativeTarget;
			buildConfigurationList = 6F1208252B75798F008B7DA1 /* Build configuration list for PBXNativeTarget "kom1UITests" */;
			buildPhases = (
				6F1208112B75798F008B7DA1 /* Sources */,
				6F1208122B75798F008B7DA1 /* Frameworks */,
				6F1208132B75798F008B7DA1 /* Resources */,
			);
			buildRules = (
			);
			dependencies = (
				6F1208172B75798F008B7DA1 /* PBXTargetDependency */,
			);
			name = kom1UITests;
			productName = kom1UITests;
			productReference = 6F1208152B75798F008B7DA1 /* kom1UITests.xctest */;
			productType = "com.apple.product-type.bundle.ui-testing";
		};
/* End PBXNativeTarget section */

/* Begin PBXProject section */
		6F1207F22B75798D008B7DA1 /* Project object */ = {
			isa = PBXProject;
			attributes = {
				BuildIndependentTargetsInParallel = 1;
				LastSwiftUpdateCheck = 1520;
				LastUpgradeCheck = 1520;
				TargetAttributes = {
					6F1207F92B75798D008B7DA1 = {
						CreatedOnToolsVersion = 15.2;
					};
					6F12080A2B75798F008B7DA1 = {
						CreatedOnToolsVersion = 15.2;
						TestTargetID = 6F1207F92B75798D008B7DA1;
					};
					6F1208142B75798F008B7DA1 = {
						CreatedOnToolsVersion = 15.2;
						TestTargetID = 6F1207F92B75798D008B7DA1;
					};
				};
			};
			buildConfigurationList = 6F1207F52B75798D008B7DA1 /* Build configuration list for PBXProject "kom1" */;
			compatibilityVersion = "Xcode 14.0";
			developmentRegion = en;
			hasScannedForEncodings = 0;
			knownRegions = (
				en,
				Base,
			);
			mainGroup = 6F1207F12B75798D008B7DA1;
			productRefGroup = 6F1207FB2B75798D008B7DA1 /* Products */;
			projectDirPath = "";
			projectRoot = "";
			targets = (
				6F1207F92B75798D008B7DA1 /* kom1 */,
				6F12080A2B75798F008B7DA1 /* kom1Tests */,
				6F1208142B75798F008B7DA1 /* kom1UITests */,
			);
		};
/* End PBXProject section */

/* Begin PBXResourcesBuildPhase section */
		6F1207F82B75798D008B7DA1 /* Resources */ = {
			isa = PBXResourcesBuildPhase;
			buildActionMask = 2147483647;
			files = (
				6F1208052B75798F008B7DA1 /* Preview Assets.xcassets in Resources */,
				6F1208022B75798F008B7DA1 /* Assets.xcassets in Resources */,
				6F1208292B757C1C008B7DA1 /* MainMenu.xib in Resources */,
			);
			runOnlyForDeploymentPostprocessing = 0;
		};
		6F1208092B75798F008B7DA1 /* Resources */ = {
			isa = PBXResourcesBuildPhase;
			buildActionMask = 2147483647;
			files = (
			);
			runOnlyForDeploymentPostprocessing = 0;
		};
		6F1208132B75798F008B7DA1 /* Resources */ = {
			isa = PBXResourcesBuildPhase;
			buildActionMask = 2147483647;
			files = (
			);
			runOnlyForDeploymentPostprocessing = 0;
		};
/* End PBXResourcesBuildPhase section */

/* Begin PBXSourcesBuildPhase section */
		6F1207F62B75798D008B7DA1 /* Sources */ = {
			isa = PBXSourcesBuildPhase;
			buildActionMask = 2147483647;
			files = (
				6F1208002B75798D008B7DA1 /* ContentView.swift in Sources */,
				6F1207FE2B75798D008B7DA1 /* kom1App.swift in Sources */,
			);
			runOnlyForDeploymentPostprocessing = 0;
		};
		6F1208072B75798F008B7DA1 /* Sources */ = {
			isa = PBXSourcesBuildPhase;
			buildActionMask = 2147483647;
			files = (
				6F1208102B75798F008B7DA1 /* kom1Tests.swift in Sources */,
			);
			runOnlyForDeploymentPostprocessing = 0;
		};
		6F1208112B75798F008B7DA1 /* Sources */ = {
			isa = PBXSourcesBuildPhase;
			buildActionMask = 2147483647;
			files = (
				6F12081C2B75798F008B7DA1 /* kom1UITestsLaunchTests.swift in Sources */,
				6F12081A2B75798F008B7DA1 /* kom1UITests.swift in Sources */,
			);
			runOnlyForDeploymentPostprocessing = 0;
		};
/* End PBXSourcesBuildPhase section */

/* Begin PBXTargetDependency section */
		6F12080D2B75798F008B7DA1 /* PBXTargetDependency */ = {
			isa = PBXTargetDependency;
			target = 6F1207F92B75798D008B7DA1 /* kom1 */;
			targetProxy = 6F12080C2B75798F008B7DA1 /* PBXContainerItemProxy */;
		};
		6F1208172B75798F008B7DA1 /* PBXTargetDependency */ = {
			isa = PBXTargetDependency;
			target = 6F1207F92B75798D008B7DA1 /* kom1 */;
			targetProxy = 6F1208162B75798F008B7DA1 /* PBXContainerItemProxy */;
		};
/* End PBXTargetDependency section */

/* Begin XCBuildConfiguration section */
		6F12081D2B75798F008B7DA1 /* Debug */ = {
			isa = XCBuildConfiguration;
			buildSettings = {
				ALWAYS_SEARCH_USER_PATHS = NO;
				ASSETCATALOG_COMPILER_GENERATE_SWIFT_ASSET_SYMBOL_EXTENSIONS = YES;
				CLANG_ANALYZER_NONNULL = YES;
				CLANG_ANALYZER_NUMBER_OBJECT_CONVERSION = YES_AGGRESSIVE;
				CLANG_CXX_LANGUAGE_STANDARD = "gnu++20";
				CLANG_ENABLE_MODULES = YES;
				CLANG_ENABLE_OBJC_ARC = YES;
				CLANG_ENABLE_OBJC_WEAK = YES;
				CLANG_WARN_BLOCK_CAPTURE_AUTORELEASING = YES;
				CLANG_WARN_BOOL_CONVERSION = YES;
				CLANG_WARN_COMMA = YES;
				CLANG_WARN_CONSTANT_CONVERSION = YES;
				CLANG_WARN_DEPRECATED_OBJC_IMPLEMENTATIONS = YES;
				CLANG_WARN_DIRECT_OBJC_ISA_USAGE = YES_ERROR;
				CLANG_WARN_DOCUMENTATION_COMMENTS = YES;
				CLANG_WARN_EMPTY_BODY = YES;
				CLANG_WARN_ENUM_CONVERSION = YES;
				CLANG_WARN_INFINITE_RECURSION = YES;
				CLANG_WARN_INT_CONVERSION = YES;
				CLANG_WARN_NON_LITERAL_NULL_CONVERSION = YES;
				CLANG_WARN_OBJC_IMPLICIT_RETAIN_SELF = YES;
				CLANG_WARN_OBJC_LITERAL_CONVERSION = YES;
				CLANG_WARN_OBJC_ROOT_CLASS = YES_ERROR;
				CLANG_WARN_QUOTED_INCLUDE_IN_FRAMEWORK_HEADER = YES;
				CLANG_WARN_RANGE_LOOP_ANALYSIS = YES;
				CLANG_WARN_STRICT_PROTOTYPES = YES;
				CLANG_WARN_SUSPICIOUS_MOVE = YES;
				CLANG_WARN_UNGUARDED_AVAILABILITY = YES_AGGRESSIVE;
				CLANG_WARN_UNREACHABLE_CODE = YES;
				CLANG_WARN__DUPLICATE_METHOD_MATCH = YES;
				COPY_PHASE_STRIP = NO;
				DEBUG_INFORMATION_FORMAT = dwarf;
				ENABLE_STRICT_OBJC_MSGSEND = YES;
				ENABLE_TESTABILITY = YES;
				ENABLE_USER_SCRIPT_SANDBOXING = YES;
				GCC_C_LANGUAGE_STANDARD = gnu17;
				GCC_DYNAMIC_NO_PIC = NO;
				GCC_NO_COMMON_BLOCKS = YES;
				GCC_OPTIMIZATION_LEVEL = 0;
				GCC_PREPROCESSOR_DEFINITIONS = (
					"DEBUG=1",
					"$(inherited)",
				);
				GCC_WARN_64_TO_32_BIT_CONVERSION = YES;
				GCC_WARN_ABOUT_RETURN_TYPE = YES_ERROR;
				GCC_WARN_UNDECLARED_SELECTOR = YES;
				GCC_WARN_UNINITIALIZED_AUTOS = YES_AGGRESSIVE;
				GCC_WARN_UNUSED_FUNCTION = YES;
				GCC_WARN_UNUSED_VARIABLE = YES;
				LOCALIZATION_PREFERS_STRING_CATALOGS = YES;
				MACOSX_DEPLOYMENT_TARGET = 14.0;
				MTL_ENABLE_DEBUG_INFO = INCLUDE_SOURCE;
				MTL_FAST_MATH = YES;
				ONLY_ACTIVE_ARCH = YES;
				SDKROOT = macosx;
				SWIFT_ACTIVE_COMPILATION_CONDITIONS = "DEBUG $(inherited)";
				SWIFT_OPTIMIZATION_LEVEL = "-Onone";
			};
			name = Debug;
		};
		6F12081E2B75798F008B7DA1 /* Release */ = {
			isa = XCBuildConfiguration;
			buildSettings = {
				ALWAYS_SEARCH_USER_PATHS = NO;
				ASSETCATALOG_COMPILER_GENERATE_SWIFT_ASSET_SYMBOL_EXTENSIONS = YES;
				CLANG_ANALYZER_NONNULL = YES;
				CLANG_ANALYZER_NUMBER_OBJECT_CONVERSION = YES_AGGRESSIVE;
				CLANG_CXX_LANGUAGE_STANDARD = "gnu++20";
				CLANG_ENABLE_MODULES = YES;
				CLANG_ENABLE_OBJC_ARC = YES;
				CLANG_ENABLE_OBJC_WEAK = YES;
				CLANG_WARN_BLOCK_CAPTURE_AUTORELEASING = YES;
				CLANG_WARN_BOOL_CONVERSION = YES;
				CLANG_WARN_COMMA = YES;
				CLANG_WARN_CONSTANT_CONVERSION = YES;
				CLANG_WARN_DEPRECATED_OBJC_IMPLEMENTATIONS = YES;
				CLANG_WARN_DIRECT_OBJC_ISA_USAGE = YES_ERROR;
				CLANG_WARN_DOCUMENTATION_COMMENTS = YES;
				CLANG_WARN_EMPTY_BODY = YES;
				CLANG_WARN_ENUM_CONVERSION = YES;
				CLANG_WARN_INFINITE_RECURSION = YES;
				CLANG_WARN_INT_CONVERSION = YES;
				CLANG_WARN_NON_LITERAL_NULL_CONVERSION = YES;
				CLANG_WARN_OBJC_IMPLICIT_RETAIN_SELF = YES;
				CLANG_WARN_OBJC_LITERAL_CONVERSION = YES;
				CLANG_WARN_OBJC_ROOT_CLASS = YES_ERROR;
				CLANG_WARN_QUOTED_INCLUDE_IN_FRAMEWORK_HEADER = YES;
				CLANG_WARN_RANGE_LOOP_ANALYSIS = YES;
				CLANG_WARN_STRICT_PROTOTYPES = YES;
				CLANG_WARN_SUSPICIOUS_MOVE = YES;
				CLANG_WARN_UNGUARDED_AVAILABILITY = YES_AGGRESSIVE;
				CLANG_WARN_UNREACHABLE_CODE = YES;
				CLANG_WARN__DUPLICATE_METHOD_MATCH = YES;
				COPY_PHASE_STRIP = NO;
				DEBUG_INFORMATION_FORMAT = "dwarf-with-dsym";
				ENABLE_NS_ASSERTIONS = NO;
				ENABLE_STRICT_OBJC_MSGSEND = YES;
				ENABLE_USER_SCRIPT_SANDBOXING = YES;
				GCC_C_LANGUAGE_STANDARD = gnu17;
				GCC_NO_COMMON_BLOCKS = YES;
				GCC_WARN_64_TO_32_BIT_CONVERSION = YES;
				GCC_WARN_ABOUT_RETURN_TYPE = YES_ERROR;
				GCC_WARN_UNDECLARED_SELECTOR = YES;
				GCC_WARN_UNINITIALIZED_AUTOS = YES_AGGRESSIVE;
				GCC_WARN_UNUSED_FUNCTION = YES;
				GCC_WARN_UNUSED_VARIABLE = YES;
				LOCALIZATION_PREFERS_STRING_CATALOGS = YES;
				MACOSX_DEPLOYMENT_TARGET = 14.0;
				MTL_ENABLE_DEBUG_INFO = NO;
				MTL_FAST_MATH = YES;
				SDKROOT = macosx;
				SWIFT_COMPILATION_MODE = wholemodule;
			};
			name = Release;
		};
		6F1208202B75798F008B7DA1 /* Debug */ = {
			isa = XCBuildConfiguration;
			buildSettings = {
				ASSETCATALOG_COMPILER_APPICON_NAME = AppIcon;
				ASSETCATALOG_COMPILER_GLOBAL_ACCENT_COLOR_NAME = AccentColor;
				CODE_SIGN_ENTITLEMENTS = kom1/kom1.entitlements;
				CODE_SIGN_STYLE = Automatic;
				COMBINE_HIDPI_IMAGES = YES;
				CURRENT_PROJECT_VERSION = 1;
				DEVELOPMENT_ASSET_PATHS = "\"kom1/Preview Content\"";
				DEVELOPMENT_TEAM = 6AR8BM5X6Y;
				ENABLE_HARDENED_RUNTIME = YES;
				ENABLE_PREVIEWS = YES;
				GENERATE_INFOPLIST_FILE = YES;
				INFOPLIST_KEY_NSHumanReadableCopyright = "";
				LD_RUNPATH_SEARCH_PATHS = (
					"$(inherited)",
					"@executable_path/../Frameworks",
				);
				MARKETING_VERSION = 1.0;
				PRODUCT_BUNDLE_IDENTIFIER = "-2.kom1";
				PRODUCT_NAME = "$(TARGET_NAME)";
				SWIFT_EMIT_LOC_STRINGS = YES;
				SWIFT_VERSION = 5.0;
			};
			name = Debug;
		};
		6F1208212B75798F008B7DA1 /* Release */ = {
			isa = XCBuildConfiguration;
			buildSettings = {
				ASSETCATALOG_COMPILER_APPICON_NAME = AppIcon;
				ASSETCATALOG_COMPILER_GLOBAL_ACCENT_COLOR_NAME = AccentColor;
				CODE_SIGN_ENTITLEMENTS = kom1/kom1.entitlements;
				CODE_SIGN_STYLE = Automatic;
				COMBINE_HIDPI_IMAGES = YES;
				CURRENT_PROJECT_VERSION = 1;
				DEVELOPMENT_ASSET_PATHS = "\"kom1/Preview Content\"";
				DEVELOPMENT_TEAM = 6AR8BM5X6Y;
				ENABLE_HARDENED_RUNTIME = YES;
				ENABLE_PREVIEWS = YES;
				GENERATE_INFOPLIST_FILE = YES;
				INFOPLIST_KEY_NSHumanReadableCopyright = "";
				LD_RUNPATH_SEARCH_PATHS = (
					"$(inherited)",
					"@executable_path/../Frameworks",
				);
				MARKETING_VERSION = 1.0;
				PRODUCT_BUNDLE_IDENTIFIER = "-2.kom1";
				PRODUCT_NAME = "$(TARGET_NAME)";
				SWIFT_EMIT_LOC_STRINGS = YES;
				SWIFT_VERSION = 5.0;
			};
			name = Release;
		};
		6F1208232B75798F008B7DA1 /* Debug */ = {
			isa = XCBuildConfiguration;
			buildSettings = {
				ALWAYS_EMBED_SWIFT_STANDARD_LIBRARIES = YES;
				BUNDLE_LOADER = "$(TEST_HOST)";
				CODE_SIGN_STYLE = Automatic;
				CURRENT_PROJECT_VERSION = 1;
				DEVELOPMENT_TEAM = 6AR8BM5X6Y;
				GENERATE_INFOPLIST_FILE = YES;
				MACOSX_DEPLOYMENT_TARGET = 14.0;
				MARKETING_VERSION = 1.0;
				PRODUCT_BUNDLE_IDENTIFIER = "-2.kom1Tests";
				PRODUCT_NAME = "$(TARGET_NAME)";
				SWIFT_EMIT_LOC_STRINGS = NO;
				SWIFT_VERSION = 5.0;
				TEST_HOST = "$(BUILT_PRODUCTS_DIR)/kom1.app/$(BUNDLE_EXECUTABLE_FOLDER_PATH)/kom1";
			};
			name = Debug;
		};
		6F1208242B75798F008B7DA1 /* Release */ = {
			isa = XCBuildConfiguration;
			buildSettings = {
				ALWAYS_EMBED_SWIFT_STANDARD_LIBRARIES = YES;
				BUNDLE_LOADER = "$(TEST_HOST)";
				CODE_SIGN_STYLE = Automatic;
				CURRENT_PROJECT_VERSION = 1;
				DEVELOPMENT_TEAM = 6AR8BM5X6Y;
				GENERATE_INFOPLIST_FILE = YES;
				MACOSX_DEPLOYMENT_TARGET = 14.0;
				MARKETING_VERSION = 1.0;
				PRODUCT_BUNDLE_IDENTIFIER = "-2.kom1Tests";
				PRODUCT_NAME = "$(TARGET_NAME)";
				SWIFT_EMIT_LOC_STRINGS = NO;
				SWIFT_VERSION = 5.0;
				TEST_HOST = "$(BUILT_PRODUCTS_DIR)/kom1.app/$(BUNDLE_EXECUTABLE_FOLDER_PATH)/kom1";
			};
			name = Release;
		};
		6F1208262B75798F008B7DA1 /* Debug */ = {
			isa = XCBuildConfiguration;
			buildSettings = {
				ALWAYS_EMBED_SWIFT_STANDARD_LIBRARIES = YES;
				CODE_SIGN_STYLE = Automatic;
				CURRENT_PROJECT_VERSION = 1;
				DEVELOPMENT_TEAM = 6AR8BM5X6Y;
				GENERATE_INFOPLIST_FILE = YES;
				MARKETING_VERSION = 1.0;
				PRODUCT_BUNDLE_IDENTIFIER = "-2.kom1UITests";
				PRODUCT_NAME = "$(TARGET_NAME)";
				SWIFT_EMIT_LOC_STRINGS = NO;
				SWIFT_VERSION = 5.0;
				TEST_TARGET_NAME = kom1;
			};
			name = Debug;
		};
		6F1208272B75798F008B7DA1 /* Release */ = {
			isa = XCBuildConfiguration;
			buildSettings = {
				ALWAYS_EMBED_SWIFT_STANDARD_LIBRARIES = YES;
				CODE_SIGN_STYLE = Automatic;
				CURRENT_PROJECT_VERSION = 1;
				DEVELOPMENT_TEAM = 6AR8BM5X6Y;
				GENERATE_INFOPLIST_FILE = YES;
				MARKETING_VERSION = 1.0;
				PRODUCT_BUNDLE_IDENTIFIER = "-2.kom1UITests";
				PRODUCT_NAME = "$(TARGET_NAME)";
				SWIFT_EMIT_LOC_STRINGS = NO;
				SWIFT_VERSION = 5.0;
				TEST_TARGET_NAME = kom1;
			};
			name = Release;
		};
/* End XCBuildConfiguration section */

/* Begin XCConfigurationList section */
		6F1207F52B75798D008B7DA1 /* Build configuration list for PBXProject "kom1" */ = {
			isa = XCConfigurationList;
			buildConfigurations = (
				6F12081D2B75798F008B7DA1 /* Debug */,
				6F12081E2B75798F008B7DA1 /* Release */,
			);
			defaultConfigurationIsVisible = 0;
			defaultConfigurationName = Release;
		};
		6F12081F2B75798F008B7DA1 /* Build configuration list for PBXNativeTarget "kom1" */ = {
			isa = XCConfigurationList;
			buildConfigurations = (
				6F1208202B75798F008B7DA1 /* Debug */,
				6F1208212B75798F008B7DA1 /* Release */,
			);
			defaultConfigurationIsVisible = 0;
			defaultConfigurationName = Release;
		};
		6F1208222B75798F008B7DA1 /* Build configuration list for PBXNativeTarget "kom1Tests" */ = {
			isa = XCConfigurationList;
			buildConfigurations = (
				6F1208232B75798F008B7DA1 /* Debug */,
				6F1208242B75798F008B7DA1 /* Release */,
			);
			defaultConfigurationIsVisible = 0;
			defaultConfigurationName = Release;
		};
		6F1208252B75798F008B7DA1 /* Build configuration list for PBXNativeTarget "kom1UITests" */ = {
			isa = XCConfigurationList;
			buildConfigurations = (
				6F1208262B75798F008B7DA1 /* Debug */,
				6F1208272B75798F008B7DA1 /* Release */,
			);
			defaultConfigurationIsVisible = 0;
			defaultConfigurationName = Release;
		};
/* End XCConfigurationList section */
	};
	rootObject = 6F1207F22B75798D008B7DA1 /* Project object */;
}
